<?xml version="1.0" encoding="utf-8"?>
<Project ToolsVersion="4.0" xmlns="http://schemas.microsoft.com/developer/msbuild/2003">
  <ItemGroup>
    <Filter Include="源文件">
      <UniqueIdentifier>{cf19c837-7bd9-4b74-a3c4-0791827da0e9}</UniqueIdentifier>
    </Filter>
    <Filter Include="头文件">
      <UniqueIdentifier>{5ab1f5ca-e242-4359-8ad0-3b77e7910a41}</UniqueIdentifier>
    </Filter>
    <Filter Include="头文件\base">
      <UniqueIdentifier>{a909a78b-7ad9-43cf-9c6e-ec48fdd776ba}</UniqueIdentifier>
    </Filter>
    <Filter Include="头文件\exception">
      <UniqueIdentifier>{bc1053ab-14af-43c6-8008-8f0bd1519c7c}</UniqueIdentifier>
    </Filter>
    <Filter Include="头文件\interface">
      <UniqueIdentifier>{db364775-e231-4ec2-b496-637c6782f7f8}</UniqueIdentifier>
    </Filter>
    <Filter Include="头文件\manager">
      <UniqueIdentifier>{770cdd59-7732-422b-b6e3-bc10644476af}</UniqueIdentifier>
    </Filter>
    <Filter Include="头文件\message">
      <UniqueIdentifier>{44ad8fe3-5e24-40ef-aaa2-1814633e6ad4}</UniqueIdentifier>
    </Filter>
    <Filter Include="头文件\net">
      <UniqueIdentifier>{9010be10-859d-45fe-98bd-ae81c1dc700d}</UniqueIdentifier>
    </Filter>
    <Filter Include="头文件\thread">
      <UniqueIdentifier>{b160f1d0-993a-4656-ba3c-ba5fbd75b241}</UniqueIdentifier>
    </Filter>
    <Filter Include="头文件\playerdata">
      <UniqueIdentifier>{aea117be-2ad5-4763-a222-20f1040ee8a0}</UniqueIdentifier>
    </Filter>
    <Filter Include="源文件\base">
      <UniqueIdentifier>{c3e4f555-d0fc-415a-bb45-7889028753e4}</UniqueIdentifier>
    </Filter>
    <Filter Include="源文件\exception">
      <UniqueIdentifier>{3a7c9fb1-c107-4b7d-99dd-17e3d673bef8}</UniqueIdentifier>
    </Filter>
    <Filter Include="源文件\interface">
      <UniqueIdentifier>{e0b0c7f0-0821-4853-b001-23e28c671005}</UniqueIdentifier>
    </Filter>
    <Filter Include="源文件\manager">
      <UniqueIdentifier>{4f490f13-17b9-451b-b7e6-699aca19efa4}</UniqueIdentifier>
    </Filter>
    <Filter Include="源文件\message">
      <UniqueIdentifier>{28355b64-27e0-46cb-a5d6-866b09f9b813}</UniqueIdentifier>
    </Filter>
    <Filter Include="源文件\net">
      <UniqueIdentifier>{0ca9efa0-88ee-4208-b5a7-6d06f6af87a3}</UniqueIdentifier>
    </Filter>
    <Filter Include="源文件\thread">
      <UniqueIdentifier>{4e24926e-9ee4-43f1-999a-2a0dd9a1692e}</UniqueIdentifier>
    </Filter>
    <Filter Include="源文件\playerdata">
      <UniqueIdentifier>{4f755c5a-8b08-402f-beaf-d2ca16f0cbfe}</UniqueIdentifier>
    </Filter>
  </ItemGroup>
  <ItemGroup>
    <ClInclude Include="src\base\singleton.h">
      <Filter>头文件\base</Filter>
    </ClInclude>
    <ClInclude Include="src\exception\base_exception.h">
      <Filter>头文件\exception</Filter>
    </ClInclude>
    <ClInclude Include="src\interface\callback.h">
      <Filter>头文件\interface</Filter>
    </ClInclude>
    <ClInclude Include="src\interface\idb_connection.h">
      <Filter>头文件\interface</Filter>
    </ClInclude>
    <ClInclude Include="src\interface\idb_read.h">
      <Filter>头文件\interface</Filter>
    </ClInclude>
    <ClInclude Include="src\interface\idb_result.h">
      <Filter>头文件\interface</Filter>
    </ClInclude>
    <ClInclude Include="src\interface\idb_write.h">
      <Filter>头文件\interface</Filter>
    </ClInclude>
    <ClInclude Include="src\interface\irunnable.h">
      <Filter>头文件\interface</Filter>
    </ClInclude>
    <ClInclude Include="src\manager\net_manager.h">
      <Filter>头文件\manager</Filter>
    </ClInclude>
    <ClInclude Include="src\manager\player_manager.h">
      <Filter>头文件\manager</Filter>
    </ClInclude>
    <ClInclude Include="src\manager\socket_manager.h">
      <Filter>头文件\manager</Filter>
    </ClInclude>
    <ClInclude Include="src\message\message_type.h">
      <Filter>头文件\message</Filter>
    </ClInclude>
    <ClInclude Include="src\message\proto_message.h">
      <Filter>头文件\message</Filter>
    </ClInclude>
    <ClInclude Include="src\net\async_socket.h">
      <Filter>头文件\net</Filter>
    </ClInclude>
    <ClInclude Include="src\net\base_socket.h">
      <Filter>头文件\net</Filter>
    </ClInclude>
    <ClInclude Include="src\net\sync_socket.h">
      <Filter>头文件\net</Filter>
    </ClInclude>
    <ClInclude Include="src\playerdata\hero.h">
      <Filter>头文件\playerdata</Filter>
    </ClInclude>
    <ClInclude Include="src\playerdata\player.h">
      <Filter>头文件\playerdata</Filter>
    </ClInclude>
    <ClInclude Include="src\playerdata\role_data.h">
      <Filter>头文件\playerdata</Filter>
    </ClInclude>
    <ClInclude Include="src\thread\thread_pool.h">
      <Filter>头文件\thread</Filter>
    </ClInclude>
  </ItemGroup>
  <ItemGroup>
    <ClCompile Include="src\manager\net_manager.cpp">
      <Filter>源文件\manager</Filter>
    </ClCompile>
    <ClCompile Include="src\manager\player_manager.cpp">
      <Filter>源文件\manager</Filter>
    </ClCompile>
    <ClCompile Include="src\manager\socket_manager.cpp">
      <Filter>源文件\manager</Filter>
    </ClCompile>
    <ClCompile Include="src\message\proto_message.cpp">
      <Filter>源文件\message</Filter>
    </ClCompile>
    <ClCompile Include="src\net\async_socket.cpp">
      <Filter>源文件\net</Filter>
    </ClCompile>
    <ClCompile Include="src\net\base_socket.cpp">
      <Filter>源文件\net</Filter>
    </ClCompile>
    <ClCompile Include="src\net\sync_socket.cpp">
      <Filter>源文件\net</Filter>
    </ClCompile>
    <ClCompile Include="src\thread\thread_pool.cpp">
      <Filter>源文件\thread</Filter>
    </ClCompile>
    <ClCompile Include="src\playerdata\hero.cpp">
      <Filter>源文件\playerdata</Filter>
    </ClCompile>
    <ClCompile Include="src\playerdata\player.cpp">
      <Filter>源文件\playerdata</Filter>
    </ClCompile>
    <ClCompile Include="src\playerdata\role_data.cpp">
      <Filter>源文件\playerdata</Filter>
    </ClCompile>
    <ClCompile Include="src\main.cpp">
      <Filter>源文件</Filter>
    </ClCompile>
  </ItemGroup>
</Project>